
Microsoft Visual Studio Solution File, Format Version 12.00
# Visual Studio Version 17
VisualStudioVersion = 17.14.36203.30
MinimumVisualStudioVersion = 10.0.40219.1
Project("{FAE04EC0-301F-11D3-BF4B-00C04F79EFBC}") = "GTreasury.Api.Functions", "GTreasuryApp\GTreasury.Api.Functions.csproj", "{9E365361-E73D-41E5-8FC5-590D583103F4}"
EndProject
Project("{FAE04EC0-301F-11D3-BF4B-00C04F79EFBC}") = "GTreasury.Api.Utilities", "GTreasury.Api.Utilities\GTreasury.Api.Utilities.csproj", "{82FA1D73-1FA7-42CD-A16E-EDD00151B43D}"
EndProject
Project("{FAE04EC0-301F-11D3-BF4B-00C04F79EFBC}") = "GTreasury.Api.Tests", "GTreasury.Api.Tests\GTreasury.Api.Tests.csproj", "{1825E193-726E-4FD3-A953-BF091492AC42}"
EndProject
Global
	GlobalSection(SolutionConfigurationPlatforms) = preSolution
		Debug|Any CPU = Debug|Any CPU
		Release|Any CPU = Release|Any CPU
	EndGlobalSection
	GlobalSection(ProjectConfigurationPlatforms) = postSolution
		{9E365361-E73D-41E5-8FC5-590D583103F4}.Debug|Any CPU.ActiveCfg = Debug|Any CPU
		{9E365361-E73D-41E5-8FC5-590D583103F4}.Debug|Any CPU.Build.0 = Debug|Any CPU
		{9E365361-E73D-41E5-8FC5-590D583103F4}.Release|Any CPU.ActiveCfg = Release|Any CPU
		{9E365361-E73D-41E5-8FC5-590D583103F4}.Release|Any CPU.Build.0 = Release|Any CPU
		{82FA1D73-1FA7-42CD-A16E-EDD00151B43D}.Debug|Any CPU.ActiveCfg = Debug|Any CPU
		{82FA1D73-1FA7-42CD-A16E-EDD00151B43D}.Debug|Any CPU.Build.0 = Debug|Any CPU
		{82FA1D73-1FA7-42CD-A16E-EDD00151B43D}.Release|Any CPU.ActiveCfg = Release|Any CPU
		{82FA1D73-1FA7-42CD-A16E-EDD00151B43D}.Release|Any CPU.Build.0 = Release|Any CPU
		{1825E193-726E-4FD3-A953-BF091492AC42}.Debug|Any CPU.ActiveCfg = Debug|Any CPU
		{1825E193-726E-4FD3-A953-BF091492AC42}.Debug|Any CPU.Build.0 = Debug|Any CPU
		{1825E193-726E-4FD3-A953-BF091492AC42}.Release|Any CPU.ActiveCfg = Release|Any CPU
		{1825E193-726E-4FD3-A953-BF091492AC42}.Release|Any CPU.Build.0 = Release|Any CPU
	EndGlobalSection
	GlobalSection(SolutionProperties) = preSolution
		HideSolutionNode = FALSE
	EndGlobalSection
	GlobalSection(ExtensibilityGlobals) = postSolution
		SolutionGuid = {03200CB6-C9F6-4779-8402-3FF824F320ED}
	EndGlobalSection
EndGlobal
